
Microsoft Visual Studio Solution File, Format Version 12.00
# Visual Studio Version 16
VisualStudioVersion = 16.0.30621.155
MinimumVisualStudioVersion = 10.0.40219.1
Project("{FAE04EC0-301F-11D3-BF4B-00C04F79EFBC}") = "Kurs", "Kurs\Kurs.csproj", "{1D63A659-435C-475F-B6D0-C25104AB7452}"
EndProject
Global
	GlobalSection(SolutionConfigurationPlatforms) = preSolution
		Debug|Any CPU = Debug|Any CPU
		Release|Any CPU = Release|Any CPU
	EndGlobalSection
	GlobalSection(ProjectConfigurationPlatforms) = postSolution
		{1D63A659-435C-475F-B6D0-C25104AB7452}.Debug|Any CPU.ActiveCfg = Debug|Any CPU
		{1D63A659-435C-475F-B6D0-C25104AB7452}.Debug|Any CPU.Build.0 = Debug|Any CPU
		{1D63A659-435C-475F-B6D0-C25104AB7452}.Release|Any CPU.ActiveCfg = Release|Any CPU
		{1D63A659-435C-475F-B6D0-C25104AB7452}.Release|Any CPU.Build.0 = Release|Any CPU
	EndGlobalSection
	GlobalSection(SolutionProperties) = preSolution
		HideSolutionNode = FALSE
	EndGlobalSection
	GlobalSection(ExtensibilityGlobals) = postSolution
		SolutionGuid = {DCEB3727-C9F6-4D90-B1FF-5DAF4EFE38DA}
	EndGlobalSection
EndGlobal
